
Microsoft Visual Studio Solution File, Format Version 12.00
# Visual Studio Version 17
VisualStudioVersion = 17.5.33516.290
MinimumVisualStudioVersion = 10.0.40219.1
Project("{FAE04EC0-301F-11D3-BF4B-00C04F79EFBC}") = "WinForms Wordpad Killer Homework", "WinForms Wordpad Killer Homework\WinForms Wordpad Killer Homework.csproj", "{4C299D84-8DA5-40B2-AF06-21C80F6B2C99}"
EndProject
Global
	GlobalSection(SolutionConfigurationPlatforms) = preSolution
		Debug|Any CPU = Debug|Any CPU
		Release|Any CPU = Release|Any CPU
	EndGlobalSection
	GlobalSection(ProjectConfigurationPlatforms) = postSolution
		{4C299D84-8DA5-40B2-AF06-21C80F6B2C99}.Debug|Any CPU.ActiveCfg = Debug|Any CPU
		{4C299D84-8DA5-40B2-AF06-21C80F6B2C99}.Debug|Any CPU.Build.0 = Debug|Any CPU
		{4C299D84-8DA5-40B2-AF06-21C80F6B2C99}.Release|Any CPU.ActiveCfg = Release|Any CPU
		{4C299D84-8DA5-40B2-AF06-21C80F6B2C99}.Release|Any CPU.Build.0 = Release|Any CPU
	EndGlobalSection
	GlobalSection(SolutionProperties) = preSolution
		HideSolutionNode = FALSE
	EndGlobalSection
	GlobalSection(ExtensibilityGlobals) = postSolution
		SolutionGuid = {DB69A521-4D8A-48E1-920B-CD2B018924D6}
	EndGlobalSection
EndGlobal
